
Microsoft Visual Studio Solution File, Format Version 12.00
# Visual Studio Version 16
VisualStudioVersion = 16.0.29424.173
MinimumVisualStudioVersion = 10.0.40219.1
Project("{FAE04EC0-301F-11D3-BF4B-00C04F79EFBC}") = "UserInput", "UserInput\UserInput.csproj", "{FD8AFABE-276A-4B99-90B1-49D3ABE46163}"
EndProject
Global
	GlobalSection(SolutionConfigurationPlatforms) = preSolution
		Debug|Any CPU = Debug|Any CPU
		Release|Any CPU = Release|Any CPU
	EndGlobalSection
	GlobalSection(ProjectConfigurationPlatforms) = postSolution
		{FD8AFABE-276A-4B99-90B1-49D3ABE46163}.Debug|Any CPU.ActiveCfg = Debug|Any CPU
		{FD8AFABE-276A-4B99-90B1-49D3ABE46163}.Debug|Any CPU.Build.0 = Debug|Any CPU
		{FD8AFABE-276A-4B99-90B1-49D3ABE46163}.Release|Any CPU.ActiveCfg = Release|Any CPU
		{FD8AFABE-276A-4B99-90B1-49D3ABE46163}.Release|Any CPU.Build.0 = Release|Any CPU
	EndGlobalSection
	GlobalSection(SolutionProperties) = preSolution
		HideSolutionNode = FALSE
	EndGlobalSection
	GlobalSection(ExtensibilityGlobals) = postSolution
		SolutionGuid = {DA035780-B2A8-4D9C-81F1-013CE2577B13}
	EndGlobalSection
EndGlobal
