
Microsoft Visual Studio Solution File, Format Version 12.00
# Visual Studio Version 16
VisualStudioVersion = 16.0.29424.173
MinimumVisualStudioVersion = 10.0.40219.1
Project("{FAE04EC0-301F-11D3-BF4B-00C04F79EFBC}") = "CountSheeps", "CountSheeps\CountSheeps.csproj", "{B38563A0-ACB7-47A9-ACDA-115825CEF540}"
EndProject
Global
	GlobalSection(SolutionConfigurationPlatforms) = preSolution
		Debug|Any CPU = Debug|Any CPU
		Release|Any CPU = Release|Any CPU
	EndGlobalSection
	GlobalSection(ProjectConfigurationPlatforms) = postSolution
		{B38563A0-ACB7-47A9-ACDA-115825CEF540}.Debug|Any CPU.ActiveCfg = Debug|Any CPU
		{B38563A0-ACB7-47A9-ACDA-115825CEF540}.Debug|Any CPU.Build.0 = Debug|Any CPU
		{B38563A0-ACB7-47A9-ACDA-115825CEF540}.Release|Any CPU.ActiveCfg = Release|Any CPU
		{B38563A0-ACB7-47A9-ACDA-115825CEF540}.Release|Any CPU.Build.0 = Release|Any CPU
	EndGlobalSection
	GlobalSection(SolutionProperties) = preSolution
		HideSolutionNode = FALSE
	EndGlobalSection
	GlobalSection(ExtensibilityGlobals) = postSolution
		SolutionGuid = {C3A42262-9B4C-4EC5-8F04-BF6DF95C220C}
	EndGlobalSection
EndGlobal
